// !$*UTF8*$!
{
	archiveVersion = 1;
	classes = {
	};
	objectVersion = 46;
	objects = {

/* Begin PBXBuildFile section */
		9A58F9BA1BF9892700A92D59 /* AppDelegate.swift in Sources */ = {isa = PBXBuildFile; fileRef = 9A58F9B91BF9892700A92D59 /* AppDelegate.swift */; };
		9A58F9BC1BF9892700A92D59 /* ViewController.swift in Sources */ = {isa = PBXBuildFile; fileRef = 9A58F9BB1BF9892700A92D59 /* ViewController.swift */; };
		9A58F9BF1BF9892700A92D59 /* Main.storyboard in Resources */ = {isa = PBXBuildFile; fileRef = 9A58F9BD1BF9892700A92D59 /* Main.storyboard */; };
		9A58F9C11BF9892700A92D59 /* Assets.xcassets in Resources */ = {isa = PBXBuildFile; fileRef = 9A58F9C01BF9892700A92D59 /* Assets.xcassets */; };
		9A58F9C41BF9892700A92D59 /* LaunchScreen.storyboard in Resources */ = {isa = PBXBuildFile; fileRef = 9A58F9C21BF9892700A92D59 /* LaunchScreen.storyboard */; };
		9A58F9CC1BF98A3500A92D59 /* Datos.swift in Sources */ = {isa = PBXBuildFile; fileRef = 9A58F9CB1BF98A3500A92D59 /* Datos.swift */; };
/* End PBXBuildFile section */

/* Begin PBXFileReference section */
		9A58F9B61BF9892700A92D59 /* HamburguesasEnElMundo.app */ = {isa = PBXFileReference; explicitFileType = wrapper.application; includeInIndex = 0; path = HamburguesasEnElMundo.app; sourceTree = BUILT_PRODUCTS_DIR; };
		9A58F9B91BF9892700A92D59 /* AppDelegate.swift */ = {isa = PBXFileReference; lastKnownFileType = sourcecode.swift; path = AppDelegate.swift; sourceTree = "<group>"; };
		9A58F9BB1BF9892700A92D59 /* ViewController.swift */ = {isa = PBXFileReference; lastKnownFileType = sourcecode.swift; path = ViewController.swift; sourceTree = "<group>"; };
		9A58F9BE1BF9892700A92D59 /* Base */ = {isa = PBXFileReference; lastKnownFileType = file.storyboard; name = Base; path = Base.lproj/Main.storyboard; sourceTree = "<group>"; };
		9A58F9C01BF9892700A92D59 /* Assets.xcassets */ = {isa = PBXFileReference; lastKnownFileType = folder.assetcatalog; path = Assets.xcassets; sourceTree = "<group>"; };
		9A58F9C31BF9892700A92D59 /* Base */ = {isa = PBXFileReference; lastKnownFileType = file.storyboard; name = Base; path = Base.lproj/LaunchScreen.storyboard; sourceTree = "<group>"; };
		9A58F9C51BF9892700A92D59 /* Info.plist */ = {isa = PBXFileReference; lastKnownFileType = text.plist.xml; path = Info.plist; sourceTree = "<group>"; };
		9A58F9CB1BF98A3500A92D59 /* Datos.swift */ = {isa = PBXFileReference; fileEncoding = 4; lastKnownFileType = sourcecode.swift; path = Datos.swift; sourceTree = "<group>"; };
/* End PBXFileReference section */

/* Begin PBXFrameworksBuildPhase section */
		9A58F9B31BF9892700A92D59 /* Frameworks */ = {
			isa = PBXFrameworksBuildPhase;
			buildActionMask = 2147483647;
			files = (
			);
			runOnlyForDeploymentPostprocessing = 0;
		};
/* End PBXFrameworksBuildPhase section */

/* Begin PBXGroup section */
		9A58F9AD1BF9892700A92D59 = {
			isa = PBXGroup;
			children = (
				9A58F9B81BF9892700A92D59 /* HamburguesasEnElMundo */,
				9A58F9B71BF9892700A92D59 /* Products */,
			);
			sourceTree = "<group>";
		};
		9A58F9B71BF9892700A92D59 /* Products */ = {
			isa = PBXGroup;
			children = (
				9A58F9B61BF9892700A92D59 /* HamburguesasEnElMundo.app */,
			);
			name = Products;
			sourceTree = "<group>";
		};
		9A58F9B81BF9892700A92D59 /* HamburguesasEnElMundo */ = {
			isa = PBXGroup;
			children = (
				9A58F9B91BF9892700A92D59 /* AppDelegate.swift */,
				9A58F9BB1BF9892700A92D59 /* ViewController.swift */,
				9A58F9BD1BF9892700A92D59 /* Main.storyboard */,
				9A58F9C01BF9892700A92D59 /* Assets.xcassets */,
				9A58F9C21BF9892700A92D59 /* LaunchScreen.storyboard */,
				9A58F9C51BF9892700A92D59 /* Info.plist */,
				9A58F9CB1BF98A3500A92D59 /* Datos.swift */,
			);
			path = HamburguesasEnElMundo;
			sourceTree = "<group>";
		};
/* End PBXGroup section */

/* Begin PBXNativeTarget section */
		9A58F9B51BF9892700A92D59 /* HamburguesasEnElMundo */ = {
			isa = PBXNativeTarget;
			buildConfigurationList = 9A58F9C81BF9892700A92D59 /* Build configuration list for PBXNativeTarget "HamburguesasEnElMundo" */;
			buildPhases = (
				9A58F9B21BF9892700A92D59 /* Sources */,
				9A58F9B31BF9892700A92D59 /* Frameworks */,
				9A58F9B41BF9892700A92D59 /* Resources */,
			);
			buildRules = (
			);
			dependencies = (
			);
			name = HamburguesasEnElMundo;
			productName = HamburguesasEnElMundo;
			productReference = 9A58F9B61BF9892700A92D59 /* HamburguesasEnElMundo.app */;
			productType = "com.apple.product-type.application";
		};
/* End PBXNativeTarget section */

/* Begin PBXProject section */
		9A58F9AE1BF9892700A92D59 /* Project object */ = {
			isa = PBXProject;
			attributes = {
				LastSwiftUpdateCheck = 0710;
				LastUpgradeCheck = 0710;
				ORGANIZATIONNAME = "Marco David Cruz Rodríguez";
				TargetAttributes = {
					9A58F9B51BF9892700A92D59 = {
						CreatedOnToolsVersion = 7.1;
					};
				};
			};
			buildConfigurationList = 9A58F9B11BF9892700A92D59 /* Build configuration list for PBXProject "HamburguesasEnElMundo" */;
			compatibilityVersion = "Xcode 3.2";
			developmentRegion = English;
			hasScannedForEncodings = 0;
			knownRegions = (
				en,
				Base,
			);
			mainGroup = 9A58F9AD1BF9892700A92D59;
			productRefGroup = 9A58F9B71BF9892700A92D59 /* Products */;
			projectDirPath = "";
			projectRoot = "";
			targets = (
				9A58F9B51BF9892700A92D59 /* HamburguesasEnElMundo */,
			);
		};
/* End PBXProject section */

/* Begin PBXResourcesBuildPhase section */
		9A58F9B41BF9892700A92D59 /* Resources */ = {
			isa = PBXResourcesBuildPhase;
			buildActionMask = 2147483647;
			files = (
				9A58F9C41BF9892700A92D59 /* LaunchScreen.storyboard in Resources */,
				9A58F9C11BF9892700A92D59 /* Assets.xcassets in Resources */,
				9A58F9BF1BF9892700A92D59 /* Main.storyboard in Resources */,
			);
			runOnlyForDeploymentPostprocessing = 0;
		};
/* End PBXResourcesBuildPhase section */

/* Begin PBXSourcesBuildPhase section */
		9A58F9B21BF9892700A92D59 /* Sources */ = {
			isa = PBXSourcesBuildPhase;
			buildActionMask = 2147483647;
			files = (
				9A58F9BC1BF9892700A92D59 /* ViewController.swift in Sources */,
				9A58F9BA1BF9892700A92D59 /* AppDelegate.swift in Sources */,
				9A58F9CC1BF98A3500A92D59 /* Datos.swift in Sources */,
			);
			runOnlyForDeploymentPostprocessing = 0;
		};
/* End PBXSourcesBuildPhase section */

/* Begin PBXVariantGroup section */
		9A58F9BD1BF9892700A92D59 /* Main.storyboard */ = {
			isa = PBXVariantGroup;
			children = (
				9A58F9BE1BF9892700A92D59 /* Base */,
			);
			name = Main.storyboard;
			sourceTree = "<group>";
		};
		9A58F9C21BF9892700A92D59 /* LaunchScreen.storyboard */ = {
			isa = PBXVariantGroup;
			children = (
				9A58F9C31BF9892700A92D59 /* Base */,
			);
			name = LaunchScreen.storyboard;
			sourceTree = "<group>";
		};
/* End PBXVariantGroup section */

/* Begin XCBuildConfiguration section */
		9A58F9C61BF9892700A92D59 /* Debug */ = {
			isa = XCBuildConfiguration;
			buildSettings = {
				ALWAYS_SEARCH_USER_PATHS = NO;
				CLANG_CXX_LANGUAGE_STANDARD = "gnu++0x";
				CLANG_CXX_LIBRARY = "libc++";
				CLANG_ENABLE_MODULES = YES;
				CLANG_ENABLE_OBJC_ARC = YES;
				CLANG_WARN_BOOL_CONVERSION = YES;
				CLANG_WARN_CONSTANT_CONVERSION = YES;
				CLANG_WARN_DIRECT_OBJC_ISA_USAGE = YES_ERROR;
				CLANG_WARN_EMPTY_BODY = YES;
				CLANG_WARN_ENUM_CONVERSION = YES;
				CLANG_WARN_INT_CONVERSION = YES;
				CLANG_WARN_OBJC_ROOT_CLASS = YES_ERROR;
				CLANG_WARN_UNREACHABLE_CODE = YES;
				CLANG_WARN__DUPLICATE_METHOD_MATCH = YES;
				"CODE_SIGN_IDENTITY[sdk=iphoneos*]" = "iPhone Developer";
				COPY_PHASE_STRIP = NO;
				DEBUG_INFORMATION_FORMAT = dwarf;
				ENABLE_STRICT_OBJC_MSGSEND = YES;
				ENABLE_TESTABILITY = YES;
				GCC_C_LANGUAGE_STANDARD = gnu99;
				GCC_DYNAMIC_NO_PIC = NO;
				GCC_NO_COMMON_BLOCKS = YES;
				GCC_OPTIMIZATION_LEVEL = 0;
				GCC_PREPROCESSOR_DEFINITIONS = (
					"DEBUG=1",
					"$(inherited)",
				);
				GCC_WARN_64_TO_32_BIT_CONVERSION = YES;
				GCC_WARN_ABOUT_RETURN_TYPE = YES_ERROR;
				GCC_WARN_UNDECLARED_SELECTOR = YES;
				GCC_WARN_UNINITIALIZED_AUTOS = YES_AGGRESSIVE;
				GCC_WARN_UNUSED_FUNCTION = YES;
				GCC_WARN_UNUSED_VARIABLE = YES;
				IPHONEOS_DEPLOYMENT_TARGET = 9.1;
				MTL_ENABLE_DEBUG_INFO = YES;
				ONLY_ACTIVE_ARCH = YES;
				SDKROOT = iphoneos;
				SWIFT_OPTIMIZATION_LEVEL = "-Onone";
			};
			name = Debug;
		};
		9A58F9C71BF9892700A92D59 /* Release */ = {
			isa = XCBuildConfiguration;
			buildSettings = {
				ALWAYS_SEARCH_USER_PATHS = NO;
				CLANG_CXX_LANGUAGE_STANDARD = "gnu++0x";
				CLANG_CXX_LIBRARY = "libc++";
				CLANG_ENABLE_MODULES = YES;
				CLANG_ENABLE_OBJC_ARC = YES;
				CLANG_WARN_BOOL_CONVERSION = YES;
				CLANG_WARN_CONSTANT_CONVERSION = YES;
				CLANG_WARN_DIRECT_OBJC_ISA_USAGE = YES_ERROR;
				CLANG_WARN_EMPTY_BODY = YES;
				CLANG_WARN_ENUM_CONVERSION = YES;
				CLANG_WARN_INT_CONVERSION = YES;
				CLANG_WARN_OBJC_ROOT_CLASS = YES_ERROR;
				CLANG_WARN_UNREACHABLE_CODE = YES;
				CLANG_WARN__DUPLICATE_METHOD_MATCH = YES;
				"CODE_SIGN_IDENTITY[sdk=iphoneos*]" = "iPhone Developer";
				COPY_PHASE_STRIP = NO;
				DEBUG_INFORMATION_FORMAT = "dwarf-with-dsym";
				ENABLE_NS_ASSERTIONS = NO;
				ENABLE_STRICT_OBJC_MSGSEND = YES;
				GCC_C_LANGUAGE_STANDARD = gnu99;
				GCC_NO_COMMON_BLOCKS = YES;
				GCC_WARN_64_TO_32_BIT_CONVERSION = YES;
				GCC_WARN_ABOUT_RETURN_TYPE = YES_ERROR;
				GCC_WARN_UNDECLARED_SELECTOR = YES;
				GCC_WARN_UNINITIALIZED_AUTOS = YES_AGGRESSIVE;
				GCC_WARN_UNUSED_FUNCTION = YES;
				GCC_WARN_UNUSED_VARIABLE = YES;
				IPHONEOS_DEPLOYMENT_TARGET = 9.1;
				MTL_ENABLE_DEBUG_INFO = NO;
				SDKROOT = iphoneos;
				VALIDATE_PRODUCT = YES;
			};
			name = Release;
		};
		9A58F9C91BF9892700A92D59 /* Debug */ = {
			isa = XCBuildConfiguration;
			buildSettings = {
				ASSETCATALOG_COMPILER_APPICON_NAME = AppIcon;
				INFOPLIST_FILE = HamburguesasEnElMundo/Info.plist;
				LD_RUNPATH_SEARCH_PATHS = "$(inherited) @executable_path/Frameworks";
				PRODUCT_BUNDLE_IDENTIFIER = com.hamburguesas.mundo.HamburguesasEnElMundo;
				PRODUCT_NAME = "$(TARGET_NAME)";
			};
			name = Debug;
		};
		9A58F9CA1BF9892700A92D59 /* Release */ = {
			isa = XCBuildConfiguration;
			buildSettings = {
				ASSETCATALOG_COMPILER_APPICON_NAME = AppIcon;
				INFOPLIST_FILE = HamburguesasEnElMundo/Info.plist;
				LD_RUNPATH_SEARCH_PATHS = "$(inherited) @executable_path/Frameworks";
				PRODUCT_BUNDLE_IDENTIFIER = com.hamburguesas.mundo.HamburguesasEnElMundo;
				PRODUCT_NAME = "$(TARGET_NAME)";
			};
			name = Release;
		};
/* End XCBuildConfiguration section */

/* Begin XCConfigurationList section */
		9A58F9B11BF9892700A92D59 /* Build configuration list for PBXProject "HamburguesasEnElMundo" */ = {
			isa = XCConfigurationList;
			buildConfigurations = (
				9A58F9C61BF9892700A92D59 /* Debug */,
				9A58F9C71BF9892700A92D59 /* Release */,
			);
			defaultConfigurationIsVisible = 0;
			defaultConfigurationName = Release;
		};
		9A58F9C81BF9892700A92D59 /* Build configuration list for PBXNativeTarget "HamburguesasEnElMundo" */ = {
			isa = XCConfigurationList;
			buildConfigurations = (
				9A58F9C91BF9892700A92D59 /* Debug */,
				9A58F9CA1BF9892700A92D59 /* Release */,
			);
			defaultConfigurationIsVisible = 0;
		};
/* End XCConfigurationList section */
	};
	rootObject = 9A58F9AE1BF9892700A92D59 /* Project object */;
}
